
Microsoft Visual Studio Solution File, Format Version 12.00
# Visual Studio Version 16
VisualStudioVersion = 16.0.30309.148
MinimumVisualStudioVersion = 10.0.40219.1
Project("{9A19103F-16F7-4668-BE54-9A1E7A4F7556}") = "BlogAPI", "Blog\BlogAPI.csproj", "{1C9571B8-50AF-4B0A-9F8E-D089C8DE82BC}"
EndProject
Global
	GlobalSection(SolutionConfigurationPlatforms) = preSolution
		Debug|Any CPU = Debug|Any CPU
		Release|Any CPU = Release|Any CPU
	EndGlobalSection
	GlobalSection(ProjectConfigurationPlatforms) = postSolution
		{1C9571B8-50AF-4B0A-9F8E-D089C8DE82BC}.Debug|Any CPU.ActiveCfg = Debug|Any CPU
		{1C9571B8-50AF-4B0A-9F8E-D089C8DE82BC}.Debug|Any CPU.Build.0 = Debug|Any CPU
		{1C9571B8-50AF-4B0A-9F8E-D089C8DE82BC}.Release|Any CPU.ActiveCfg = Release|Any CPU
		{1C9571B8-50AF-4B0A-9F8E-D089C8DE82BC}.Release|Any CPU.Build.0 = Release|Any CPU
	EndGlobalSection
	GlobalSection(SolutionProperties) = preSolution
		HideSolutionNode = FALSE
	EndGlobalSection
	GlobalSection(ExtensibilityGlobals) = postSolution
		SolutionGuid = {B925C388-39D2-46C7-ABEA-2FDC1C361D63}
	EndGlobalSection
EndGlobal
